# This file is automatically @generated by Cargo.
# It is not intended for manual editing.
version = 4

[[package]]
name = "xpui"
version = "0.1.0"
source = "git+https://github.com/XPUI-Framework/xpui-framework?branch=main#d3d63d5d302786a2ac73f196e4adbcf88e258461"

[[package]]
name = "xpui-chrome"
version = "0.1.0"
dependencies = [
 "xpui",
]
